
Microsoft Visual Studio Solution File, Format Version 12.00
# Visual Studio Version 17
VisualStudioVersion = 17.4.33110.190
MinimumVisualStudioVersion = 10.0.40219.1
Project("{FAE04EC0-301F-11D3-BF4B-00C04F79EFBC}") = "EarliestCharacterInWords", "EarliestCharacterInWords\EarliestCharacterInWords.csproj", "{69C06EF7-E5AD-4F78-84DD-18940008F9DA}"
EndProject
Project("{FAE04EC0-301F-11D3-BF4B-00C04F79EFBC}") = "EarliestCharacterInWordsTests", "EarliestCharacterInWordsTests\EarliestCharacterInWordsTests.csproj", "{A355547F-029D-41CF-98BA-01BAB07E15F6}"
EndProject
Global
	GlobalSection(SolutionConfigurationPlatforms) = preSolution
		Debug|Any CPU = Debug|Any CPU
		Release|Any CPU = Release|Any CPU
	EndGlobalSection
	GlobalSection(ProjectConfigurationPlatforms) = postSolution
		{69C06EF7-E5AD-4F78-84DD-18940008F9DA}.Debug|Any CPU.ActiveCfg = Debug|Any CPU
		{69C06EF7-E5AD-4F78-84DD-18940008F9DA}.Debug|Any CPU.Build.0 = Debug|Any CPU
		{69C06EF7-E5AD-4F78-84DD-18940008F9DA}.Release|Any CPU.ActiveCfg = Release|Any CPU
		{69C06EF7-E5AD-4F78-84DD-18940008F9DA}.Release|Any CPU.Build.0 = Release|Any CPU
		{A355547F-029D-41CF-98BA-01BAB07E15F6}.Debug|Any CPU.ActiveCfg = Debug|Any CPU
		{A355547F-029D-41CF-98BA-01BAB07E15F6}.Debug|Any CPU.Build.0 = Debug|Any CPU
		{A355547F-029D-41CF-98BA-01BAB07E15F6}.Release|Any CPU.ActiveCfg = Release|Any CPU
		{A355547F-029D-41CF-98BA-01BAB07E15F6}.Release|Any CPU.Build.0 = Release|Any CPU
	EndGlobalSection
	GlobalSection(SolutionProperties) = preSolution
		HideSolutionNode = FALSE
	EndGlobalSection
	GlobalSection(ExtensibilityGlobals) = postSolution
		SolutionGuid = {6FB306A9-32D6-47F4-8303-874F5B305AF0}
	EndGlobalSection
EndGlobal
